// !$*UTF8*$!
{
	archiveVersion = 1;
	classes = {
	};
	objectVersion = 46;
	objects = {

/* Begin PBXBuildFile section */
		91D0D75E1E40E889005D6D08 /* AppDelegate.swift in Sources */ = {isa = PBXBuildFile; fileRef = 91D0D75D1E40E889005D6D08 /* AppDelegate.swift */; };
		91D0D7601E40E889005D6D08 /* ViewController.swift in Sources */ = {isa = PBXBuildFile; fileRef = 91D0D75F1E40E889005D6D08 /* ViewController.swift */; };
		91D0D7631E40E889005D6D08 /* Main.storyboard in Resources */ = {isa = PBXBuildFile; fileRef = 91D0D7611E40E889005D6D08 /* Main.storyboard */; };
		91D0D7651E40E889005D6D08 /* Assets.xcassets in Resources */ = {isa = PBXBuildFile; fileRef = 91D0D7641E40E889005D6D08 /* Assets.xcassets */; };
		91D0D7681E40E889005D6D08 /* LaunchScreen.storyboard in Resources */ = {isa = PBXBuildFile; fileRef = 91D0D7661E40E889005D6D08 /* LaunchScreen.storyboard */; };
/* End PBXBuildFile section */

/* Begin PBXFileReference section */
		91D0D75A1E40E889005D6D08 /* ShitIsGoingDown.app */ = {isa = PBXFileReference; explicitFileType = wrapper.application; includeInIndex = 0; path = ShitIsGoingDown.app; sourceTree = BUILT_PRODUCTS_DIR; };
		91D0D75D1E40E889005D6D08 /* AppDelegate.swift */ = {isa = PBXFileReference; lastKnownFileType = sourcecode.swift; path = AppDelegate.swift; sourceTree = "<group>"; };
		91D0D75F1E40E889005D6D08 /* ViewController.swift */ = {isa = PBXFileReference; lastKnownFileType = sourcecode.swift; path = ViewController.swift; sourceTree = "<group>"; };
		91D0D7621E40E889005D6D08 /* Base */ = {isa = PBXFileReference; lastKnownFileType = file.storyboard; name = Base; path = Base.lproj/Main.storyboard; sourceTree = "<group>"; };
		91D0D7641E40E889005D6D08 /* Assets.xcassets */ = {isa = PBXFileReference; lastKnownFileType = folder.assetcatalog; path = Assets.xcassets; sourceTree = "<group>"; };
		91D0D7671E40E889005D6D08 /* Base */ = {isa = PBXFileReference; lastKnownFileType = file.storyboard; name = Base; path = Base.lproj/LaunchScreen.storyboard; sourceTree = "<group>"; };
		91D0D7691E40E889005D6D08 /* Info.plist */ = {isa = PBXFileReference; lastKnownFileType = text.plist.xml; path = Info.plist; sourceTree = "<group>"; };
/* End PBXFileReference section */

/* Begin PBXFrameworksBuildPhase section */
		91D0D7571E40E889005D6D08 /* Frameworks */ = {
			isa = PBXFrameworksBuildPhase;
			buildActionMask = 2147483647;
			files = (
			);
			runOnlyForDeploymentPostprocessing = 0;
		};
/* End PBXFrameworksBuildPhase section */

/* Begin PBXGroup section */
		91D0D7511E40E889005D6D08 = {
			isa = PBXGroup;
			children = (
				91D0D75C1E40E889005D6D08 /* ShitIsGoingDown */,
				91D0D75B1E40E889005D6D08 /* Products */,
			);
			sourceTree = "<group>";
		};
		91D0D75B1E40E889005D6D08 /* Products */ = {
			isa = PBXGroup;
			children = (
				91D0D75A1E40E889005D6D08 /* ShitIsGoingDown.app */,
			);
			name = Products;
			sourceTree = "<group>";
		};
		91D0D75C1E40E889005D6D08 /* ShitIsGoingDown */ = {
			isa = PBXGroup;
			children = (
				91D0D75D1E40E889005D6D08 /* AppDelegate.swift */,
				91D0D75F1E40E889005D6D08 /* ViewController.swift */,
				91D0D7611E40E889005D6D08 /* Main.storyboard */,
				91D0D7641E40E889005D6D08 /* Assets.xcassets */,
				91D0D7661E40E889005D6D08 /* LaunchScreen.storyboard */,
				91D0D7691E40E889005D6D08 /* Info.plist */,
			);
			path = ShitIsGoingDown;
			sourceTree = "<group>";
		};
/* End PBXGroup section */

/* Begin PBXNativeTarget section */
		91D0D7591E40E889005D6D08 /* ShitIsGoingDown */ = {
			isa = PBXNativeTarget;
			buildConfigurationList = 91D0D76C1E40E889005D6D08 /* Build configuration list for PBXNativeTarget "ShitIsGoingDown" */;
			buildPhases = (
				91D0D7561E40E889005D6D08 /* Sources */,
				91D0D7571E40E889005D6D08 /* Frameworks */,
				91D0D7581E40E889005D6D08 /* Resources */,
			);
			buildRules = (
			);
			dependencies = (
			);
			name = ShitIsGoingDown;
			productName = ShitIsGoingDown;
			productReference = 91D0D75A1E40E889005D6D08 /* ShitIsGoingDown.app */;
			productType = "com.apple.product-type.application";
		};
/* End PBXNativeTarget section */

/* Begin PBXProject section */
		91D0D7521E40E889005D6D08 /* Project object */ = {
			isa = PBXProject;
			attributes = {
				LastSwiftUpdateCheck = 0820;
				LastUpgradeCheck = 0820;
				ORGANIZATIONNAME = "Martin Dubuis";
				TargetAttributes = {
					91D0D7591E40E889005D6D08 = {
						CreatedOnToolsVersion = 8.2.1;
						ProvisioningStyle = Automatic;
					};
				};
			};
			buildConfigurationList = 91D0D7551E40E889005D6D08 /* Build configuration list for PBXProject "ShitIsGoingDown" */;
			compatibilityVersion = "Xcode 3.2";
			developmentRegion = English;
			hasScannedForEncodings = 0;
			knownRegions = (
				en,
				Base,
			);
			mainGroup = 91D0D7511E40E889005D6D08;
			productRefGroup = 91D0D75B1E40E889005D6D08 /* Products */;
			projectDirPath = "";
			projectRoot = "";
			targets = (
				91D0D7591E40E889005D6D08 /* ShitIsGoingDown */,
			);
		};
/* End PBXProject section */

/* Begin PBXResourcesBuildPhase section */
		91D0D7581E40E889005D6D08 /* Resources */ = {
			isa = PBXResourcesBuildPhase;
			buildActionMask = 2147483647;
			files = (
				91D0D7681E40E889005D6D08 /* LaunchScreen.storyboard in Resources */,
				91D0D7651E40E889005D6D08 /* Assets.xcassets in Resources */,
				91D0D7631E40E889005D6D08 /* Main.storyboard in Resources */,
			);
			runOnlyForDeploymentPostprocessing = 0;
		};
/* End PBXResourcesBuildPhase section */

/* Begin PBXSourcesBuildPhase section */
		91D0D7561E40E889005D6D08 /* Sources */ = {
			isa = PBXSourcesBuildPhase;
			buildActionMask = 2147483647;
			files = (
				91D0D7601E40E889005D6D08 /* ViewController.swift in Sources */,
				91D0D75E1E40E889005D6D08 /* AppDelegate.swift in Sources */,
			);
			runOnlyForDeploymentPostprocessing = 0;
		};
/* End PBXSourcesBuildPhase section */

/* Begin PBXVariantGroup section */
		91D0D7611E40E889005D6D08 /* Main.storyboard */ = {
			isa = PBXVariantGroup;
			children = (
				91D0D7621E40E889005D6D08 /* Base */,
			);
			name = Main.storyboard;
			sourceTree = "<group>";
		};
		91D0D7661E40E889005D6D08 /* LaunchScreen.storyboard */ = {
			isa = PBXVariantGroup;
			children = (
				91D0D7671E40E889005D6D08 /* Base */,
			);
			name = LaunchScreen.storyboard;
			sourceTree = "<group>";
		};
/* End PBXVariantGroup section */

/* Begin XCBuildConfiguration section */
		91D0D76A1E40E889005D6D08 /* Debug */ = {
			isa = XCBuildConfiguration;
			buildSettings = {
				ALWAYS_SEARCH_USER_PATHS = NO;
				CLANG_ANALYZER_NONNULL = YES;
				CLANG_CXX_LANGUAGE_STANDARD = "gnu++0x";
				CLANG_CXX_LIBRARY = "libc++";
				CLANG_ENABLE_MODULES = YES;
				CLANG_ENABLE_OBJC_ARC = YES;
				CLANG_WARN_BOOL_CONVERSION = YES;
				CLANG_WARN_CONSTANT_CONVERSION = YES;
				CLANG_WARN_DIRECT_OBJC_ISA_USAGE = YES_ERROR;
				CLANG_WARN_DOCUMENTATION_COMMENTS = YES;
				CLANG_WARN_EMPTY_BODY = YES;
				CLANG_WARN_ENUM_CONVERSION = YES;
				CLANG_WARN_INFINITE_RECURSION = YES;
				CLANG_WARN_INT_CONVERSION = YES;
				CLANG_WARN_OBJC_ROOT_CLASS = YES_ERROR;
				CLANG_WARN_SUSPICIOUS_MOVE = YES;
				CLANG_WARN_UNREACHABLE_CODE = YES;
				CLANG_WARN__DUPLICATE_METHOD_MATCH = YES;
				"CODE_SIGN_IDENTITY[sdk=iphoneos*]" = "iPhone Developer";
				COPY_PHASE_STRIP = NO;
				DEBUG_INFORMATION_FORMAT = dwarf;
				ENABLE_STRICT_OBJC_MSGSEND = YES;
				ENABLE_TESTABILITY = YES;
				GCC_C_LANGUAGE_STANDARD = gnu99;
				GCC_DYNAMIC_NO_PIC = NO;
				GCC_NO_COMMON_BLOCKS = YES;
				GCC_OPTIMIZATION_LEVEL = 0;
				GCC_PREPROCESSOR_DEFINITIONS = (
					"DEBUG=1",
					"$(inherited)",
				);
				GCC_WARN_64_TO_32_BIT_CONVERSION = YES;
				GCC_WARN_ABOUT_RETURN_TYPE = YES_ERROR;
				GCC_WARN_UNDECLARED_SELECTOR = YES;
				GCC_WARN_UNINITIALIZED_AUTOS = YES_AGGRESSIVE;
				GCC_WARN_UNUSED_FUNCTION = YES;
				GCC_WARN_UNUSED_VARIABLE = YES;
				IPHONEOS_DEPLOYMENT_TARGET = 10.2;
				MTL_ENABLE_DEBUG_INFO = YES;
				ONLY_ACTIVE_ARCH = YES;
				SDKROOT = iphoneos;
				SWIFT_ACTIVE_COMPILATION_CONDITIONS = DEBUG;
				SWIFT_OPTIMIZATION_LEVEL = "-Onone";
				TARGETED_DEVICE_FAMILY = "1,2";
			};
			name = Debug;
		};
		91D0D76B1E40E889005D6D08 /* Release */ = {
			isa = XCBuildConfiguration;
			buildSettings = {
				ALWAYS_SEARCH_USER_PATHS = NO;
				CLANG_ANALYZER_NONNULL = YES;
				CLANG_CXX_LANGUAGE_STANDARD = "gnu++0x";
				CLANG_CXX_LIBRARY = "libc++";
				CLANG_ENABLE_MODULES = YES;
				CLANG_ENABLE_OBJC_ARC = YES;
				CLANG_WARN_BOOL_CONVERSION = YES;
				CLANG_WARN_CONSTANT_CONVERSION = YES;
				CLANG_WARN_DIRECT_OBJC_ISA_USAGE = YES_ERROR;
				CLANG_WARN_DOCUMENTATION_COMMENTS = YES;
				CLANG_WARN_EMPTY_BODY = YES;
				CLANG_WARN_ENUM_CONVERSION = YES;
				CLANG_WARN_INFINITE_RECURSION = YES;
				CLANG_WARN_INT_CONVERSION = YES;
				CLANG_WARN_OBJC_ROOT_CLASS = YES_ERROR;
				CLANG_WARN_SUSPICIOUS_MOVE = YES;
				CLANG_WARN_UNREACHABLE_CODE = YES;
				CLANG_WARN__DUPLICATE_METHOD_MATCH = YES;
				"CODE_SIGN_IDENTITY[sdk=iphoneos*]" = "iPhone Developer";
				COPY_PHASE_STRIP = NO;
				DEBUG_INFORMATION_FORMAT = "dwarf-with-dsym";
				ENABLE_NS_ASSERTIONS = NO;
				ENABLE_STRICT_OBJC_MSGSEND = YES;
				GCC_C_LANGUAGE_STANDARD = gnu99;
				GCC_NO_COMMON_BLOCKS = YES;
				GCC_WARN_64_TO_32_BIT_CONVERSION = YES;
				GCC_WARN_ABOUT_RETURN_TYPE = YES_ERROR;
				GCC_WARN_UNDECLARED_SELECTOR = YES;
				GCC_WARN_UNINITIALIZED_AUTOS = YES_AGGRESSIVE;
				GCC_WARN_UNUSED_FUNCTION = YES;
				GCC_WARN_UNUSED_VARIABLE = YES;
				IPHONEOS_DEPLOYMENT_TARGET = 10.2;
				MTL_ENABLE_DEBUG_INFO = NO;
				SDKROOT = iphoneos;
				SWIFT_OPTIMIZATION_LEVEL = "-Owholemodule";
				TARGETED_DEVICE_FAMILY = "1,2";
				VALIDATE_PRODUCT = YES;
			};
			name = Release;
		};
		91D0D76D1E40E889005D6D08 /* Debug */ = {
			isa = XCBuildConfiguration;
			buildSettings = {
				ASSETCATALOG_COMPILER_APPICON_NAME = AppIcon;
				INFOPLIST_FILE = ShitIsGoingDown/Info.plist;
				LD_RUNPATH_SEARCH_PATHS = "$(inherited) @executable_path/Frameworks";
				PRODUCT_BUNDLE_IDENTIFIER = com.martin.ShitIsGoingDown;
				PRODUCT_NAME = "$(TARGET_NAME)";
				SWIFT_VERSION = 3.0;
			};
			name = Debug;
		};
		91D0D76E1E40E889005D6D08 /* Release */ = {
			isa = XCBuildConfiguration;
			buildSettings = {
				ASSETCATALOG_COMPILER_APPICON_NAME = AppIcon;
				INFOPLIST_FILE = ShitIsGoingDown/Info.plist;
				LD_RUNPATH_SEARCH_PATHS = "$(inherited) @executable_path/Frameworks";
				PRODUCT_BUNDLE_IDENTIFIER = com.martin.ShitIsGoingDown;
				PRODUCT_NAME = "$(TARGET_NAME)";
				SWIFT_VERSION = 3.0;
			};
			name = Release;
		};
/* End XCBuildConfiguration section */

/* Begin XCConfigurationList section */
		91D0D7551E40E889005D6D08 /* Build configuration list for PBXProject "ShitIsGoingDown" */ = {
			isa = XCConfigurationList;
			buildConfigurations = (
				91D0D76A1E40E889005D6D08 /* Debug */,
				91D0D76B1E40E889005D6D08 /* Release */,
			);
			defaultConfigurationIsVisible = 0;
			defaultConfigurationName = Release;
		};
		91D0D76C1E40E889005D6D08 /* Build configuration list for PBXNativeTarget "ShitIsGoingDown" */ = {
			isa = XCConfigurationList;
			buildConfigurations = (
				91D0D76D1E40E889005D6D08 /* Debug */,
				91D0D76E1E40E889005D6D08 /* Release */,
			);
			defaultConfigurationIsVisible = 0;
		};
/* End XCConfigurationList section */
	};
	rootObject = 91D0D7521E40E889005D6D08 /* Project object */;
}
